// !$*UTF8*$!
{
	archiveVersion = 1;
	classes = {
	};
	objectVersion = 46;
	objects = {

/* Begin PBXBuildFile section */
		940124DC18ED1ABB00F8AEA5 /* StatusLabel.m in Sources */ = {isa = PBXBuildFile; fileRef = 940124DB18ED1ABB00F8AEA5 /* StatusLabel.m */; };
		948FA3B318EFA5AA00F78E48 /* PipeFlame.sks in Resources */ = {isa = PBXBuildFile; fileRef = 948FA3B118EFA5AA00F78E48 /* PipeFlame.sks */; };
		948FA3B418EFA5AA00F78E48 /* spark.png in Resources */ = {isa = PBXBuildFile; fileRef = 948FA3B218EFA5AA00F78E48 /* spark.png */; };
		94D0D88E18ECFB5800229CC1 /* Foundation.framework in Frameworks */ = {isa = PBXBuildFile; fileRef = 94D0D88D18ECFB5800229CC1 /* Foundation.framework */; };
		94D0D89018ECFB5800229CC1 /* CoreGraphics.framework in Frameworks */ = {isa = PBXBuildFile; fileRef = 94D0D88F18ECFB5800229CC1 /* CoreGraphics.framework */; };
		94D0D89218ECFB5800229CC1 /* UIKit.framework in Frameworks */ = {isa = PBXBuildFile; fileRef = 94D0D89118ECFB5800229CC1 /* UIKit.framework */; };
		94D0D89418ECFB5800229CC1 /* SpriteKit.framework in Frameworks */ = {isa = PBXBuildFile; fileRef = 94D0D89318ECFB5800229CC1 /* SpriteKit.framework */; };
		94D0D89A18ECFB5800229CC1 /* InfoPlist.strings in Resources */ = {isa = PBXBuildFile; fileRef = 94D0D89818ECFB5800229CC1 /* InfoPlist.strings */; };
		94D0D89C18ECFB5800229CC1 /* main.m in Sources */ = {isa = PBXBuildFile; fileRef = 94D0D89B18ECFB5800229CC1 /* main.m */; };
		94D0D8A018ECFB5800229CC1 /* AppDelegate.m in Sources */ = {isa = PBXBuildFile; fileRef = 94D0D89F18ECFB5800229CC1 /* AppDelegate.m */; };
		94D0D8A318ECFB5800229CC1 /* Main_iPhone.storyboard in Resources */ = {isa = PBXBuildFile; fileRef = 94D0D8A118ECFB5800229CC1 /* Main_iPhone.storyboard */; };
		94D0D8A618ECFB5800229CC1 /* Main_iPad.storyboard in Resources */ = {isa = PBXBuildFile; fileRef = 94D0D8A418ECFB5800229CC1 /* Main_iPad.storyboard */; };
		94D0D8A918ECFB5900229CC1 /* ViewController.m in Sources */ = {isa = PBXBuildFile; fileRef = 94D0D8A818ECFB5900229CC1 /* ViewController.m */; };
		94D0D8AC18ECFB5900229CC1 /* MyScene.m in Sources */ = {isa = PBXBuildFile; fileRef = 94D0D8AB18ECFB5900229CC1 /* MyScene.m */; };
		94D0D8B018ECFB5900229CC1 /* Images.xcassets in Resources */ = {isa = PBXBuildFile; fileRef = 94D0D8AF18ECFB5900229CC1 /* Images.xcassets */; };
		94D0D8B718ECFB5900229CC1 /* XCTest.framework in Frameworks */ = {isa = PBXBuildFile; fileRef = 94D0D8B618ECFB5900229CC1 /* XCTest.framework */; };
		94D0D8B818ECFB5900229CC1 /* Foundation.framework in Frameworks */ = {isa = PBXBuildFile; fileRef = 94D0D88D18ECFB5800229CC1 /* Foundation.framework */; };
		94D0D8B918ECFB5900229CC1 /* UIKit.framework in Frameworks */ = {isa = PBXBuildFile; fileRef = 94D0D89118ECFB5800229CC1 /* UIKit.framework */; };
		94D0D8C118ECFB5900229CC1 /* InfoPlist.strings in Resources */ = {isa = PBXBuildFile; fileRef = 94D0D8BF18ECFB5900229CC1 /* InfoPlist.strings */; };
		94D0D8C318ECFB5900229CC1 /* FlappyPigTests.m in Sources */ = {isa = PBXBuildFile; fileRef = 94D0D8C218ECFB5900229CC1 /* FlappyPigTests.m */; };
		94F19DF418ECFE440094F736 /* sprites.atlas in Resources */ = {isa = PBXBuildFile; fileRef = 94F19DF318ECFE440094F736 /* sprites.atlas */; };
		94F19DF918ECFE6A0094F736 /* oink.caf in Resources */ = {isa = PBXBuildFile; fileRef = 94F19DF518ECFE6A0094F736 /* oink.caf */; };
		94F19DFA18ECFE6A0094F736 /* piggy.mp3 in Resources */ = {isa = PBXBuildFile; fileRef = 94F19DF618ECFE6A0094F736 /* piggy.mp3 */; };
		94F19DFB18ECFE6A0094F736 /* squeal.caf in Resources */ = {isa = PBXBuildFile; fileRef = 94F19DF718ECFE6A0094F736 /* squeal.caf */; };
		94F19DFC18ECFE6A0094F736 /* swoosh.caf in Resources */ = {isa = PBXBuildFile; fileRef = 94F19DF818ECFE6A0094F736 /* swoosh.caf */; };
		94F19E0318ED00280094F736 /* Gate.m in Sources */ = {isa = PBXBuildFile; fileRef = 94F19DFE18ED00280094F736 /* Gate.m */; };
		94F19E0418ED00280094F736 /* Goal.m in Sources */ = {isa = PBXBuildFile; fileRef = 94F19E0018ED00280094F736 /* Goal.m */; };
		94F19E0518ED00280094F736 /* Pipe.m in Sources */ = {isa = PBXBuildFile; fileRef = 94F19E0218ED00280094F736 /* Pipe.m */; };
		94F19E0818ED023E0094F736 /* Background.m in Sources */ = {isa = PBXBuildFile; fileRef = 94F19E0718ED023E0094F736 /* Background.m */; };
		94F19E0C18ED03C40094F736 /* Piggy.m in Sources */ = {isa = PBXBuildFile; fileRef = 94F19E0B18ED03C40094F736 /* Piggy.m */; };
/* End PBXBuildFile section */

/* Begin PBXContainerItemProxy section */
		94D0D8BA18ECFB5900229CC1 /* PBXContainerItemProxy */ = {
			isa = PBXContainerItemProxy;
			containerPortal = 94D0D88218ECFB5800229CC1 /* Project object */;
			proxyType = 1;
			remoteGlobalIDString = 94D0D88918ECFB5800229CC1;
			remoteInfo = FlappyPig;
		};
/* End PBXContainerItemProxy section */

/* Begin PBXFileReference section */
		940124DA18ED1ABB00F8AEA5 /* StatusLabel.h */ = {isa = PBXFileReference; fileEncoding = 4; lastKnownFileType = sourcecode.c.h; path = StatusLabel.h; sourceTree = "<group>"; };
		940124DB18ED1ABB00F8AEA5 /* StatusLabel.m */ = {isa = PBXFileReference; fileEncoding = 4; lastKnownFileType = sourcecode.c.objc; path = StatusLabel.m; sourceTree = "<group>"; };
		948FA3B118EFA5AA00F78E48 /* PipeFlame.sks */ = {isa = PBXFileReference; lastKnownFileType = file.sks; path = PipeFlame.sks; sourceTree = "<group>"; };
		948FA3B218EFA5AA00F78E48 /* spark.png */ = {isa = PBXFileReference; lastKnownFileType = image.png; path = spark.png; sourceTree = "<group>"; };
		94D0D88A18ECFB5800229CC1 /* FlappyPig.app */ = {isa = PBXFileReference; explicitFileType = wrapper.application; includeInIndex = 0; path = FlappyPig.app; sourceTree = BUILT_PRODUCTS_DIR; };
		94D0D88D18ECFB5800229CC1 /* Foundation.framework */ = {isa = PBXFileReference; lastKnownFileType = wrapper.framework; name = Foundation.framework; path = System/Library/Frameworks/Foundation.framework; sourceTree = SDKROOT; };
		94D0D88F18ECFB5800229CC1 /* CoreGraphics.framework */ = {isa = PBXFileReference; lastKnownFileType = wrapper.framework; name = CoreGraphics.framework; path = System/Library/Frameworks/CoreGraphics.framework; sourceTree = SDKROOT; };
		94D0D89118ECFB5800229CC1 /* UIKit.framework */ = {isa = PBXFileReference; lastKnownFileType = wrapper.framework; name = UIKit.framework; path = System/Library/Frameworks/UIKit.framework; sourceTree = SDKROOT; };
		94D0D89318ECFB5800229CC1 /* SpriteKit.framework */ = {isa = PBXFileReference; lastKnownFileType = wrapper.framework; name = SpriteKit.framework; path = System/Library/Frameworks/SpriteKit.framework; sourceTree = SDKROOT; };
		94D0D89718ECFB5800229CC1 /* FlappyPig-Info.plist */ = {isa = PBXFileReference; lastKnownFileType = text.plist.xml; path = "FlappyPig-Info.plist"; sourceTree = "<group>"; };
		94D0D89918ECFB5800229CC1 /* en */ = {isa = PBXFileReference; lastKnownFileType = text.plist.strings; name = en; path = en.lproj/InfoPlist.strings; sourceTree = "<group>"; };
		94D0D89B18ECFB5800229CC1 /* main.m */ = {isa = PBXFileReference; lastKnownFileType = sourcecode.c.objc; path = main.m; sourceTree = "<group>"; };
		94D0D89D18ECFB5800229CC1 /* FlappyPig-Prefix.pch */ = {isa = PBXFileReference; lastKnownFileType = sourcecode.c.h; path = "FlappyPig-Prefix.pch"; sourceTree = "<group>"; };
		94D0D89E18ECFB5800229CC1 /* AppDelegate.h */ = {isa = PBXFileReference; lastKnownFileType = sourcecode.c.h; path = AppDelegate.h; sourceTree = "<group>"; };
		94D0D89F18ECFB5800229CC1 /* AppDelegate.m */ = {isa = PBXFileReference; lastKnownFileType = sourcecode.c.objc; path = AppDelegate.m; sourceTree = "<group>"; };
		94D0D8A218ECFB5800229CC1 /* Base */ = {isa = PBXFileReference; lastKnownFileType = file.storyboard; name = Base; path = Base.lproj/Main_iPhone.storyboard; sourceTree = "<group>"; };
		94D0D8A518ECFB5800229CC1 /* Base */ = {isa = PBXFileReference; lastKnownFileType = file.storyboard; name = Base; path = Base.lproj/Main_iPad.storyboard; sourceTree = "<group>"; };
		94D0D8A718ECFB5800229CC1 /* ViewController.h */ = {isa = PBXFileReference; lastKnownFileType = sourcecode.c.h; path = ViewController.h; sourceTree = "<group>"; };
		94D0D8A818ECFB5900229CC1 /* ViewController.m */ = {isa = PBXFileReference; lastKnownFileType = sourcecode.c.objc; path = ViewController.m; sourceTree = "<group>"; };
		94D0D8AA18ECFB5900229CC1 /* MyScene.h */ = {isa = PBXFileReference; lastKnownFileType = sourcecode.c.h; path = MyScene.h; sourceTree = "<group>"; };
		94D0D8AB18ECFB5900229CC1 /* MyScene.m */ = {isa = PBXFileReference; lastKnownFileType = sourcecode.c.objc; path = MyScene.m; sourceTree = "<group>"; };
		94D0D8AF18ECFB5900229CC1 /* Images.xcassets */ = {isa = PBXFileReference; lastKnownFileType = folder.assetcatalog; path = Images.xcassets; sourceTree = "<group>"; };
		94D0D8B518ECFB5900229CC1 /* FlappyPigTests.xctest */ = {isa = PBXFileReference; explicitFileType = wrapper.cfbundle; includeInIndex = 0; path = FlappyPigTests.xctest; sourceTree = BUILT_PRODUCTS_DIR; };
		94D0D8B618ECFB5900229CC1 /* XCTest.framework */ = {isa = PBXFileReference; lastKnownFileType = wrapper.framework; name = XCTest.framework; path = Library/Frameworks/XCTest.framework; sourceTree = DEVELOPER_DIR; };
		94D0D8BE18ECFB5900229CC1 /* FlappyPigTests-Info.plist */ = {isa = PBXFileReference; lastKnownFileType = text.plist.xml; path = "FlappyPigTests-Info.plist"; sourceTree = "<group>"; };
		94D0D8C018ECFB5900229CC1 /* en */ = {isa = PBXFileReference; lastKnownFileType = text.plist.strings; name = en; path = en.lproj/InfoPlist.strings; sourceTree = "<group>"; };
		94D0D8C218ECFB5900229CC1 /* FlappyPigTests.m */ = {isa = PBXFileReference; lastKnownFileType = sourcecode.c.objc; path = FlappyPigTests.m; sourceTree = "<group>"; };
		94F19DF318ECFE440094F736 /* sprites.atlas */ = {isa = PBXFileReference; lastKnownFileType = folder.skatlas; path = sprites.atlas; sourceTree = "<group>"; };
		94F19DF518ECFE6A0094F736 /* oink.caf */ = {isa = PBXFileReference; lastKnownFileType = file; path = oink.caf; sourceTree = "<group>"; };
		94F19DF618ECFE6A0094F736 /* piggy.mp3 */ = {isa = PBXFileReference; lastKnownFileType = audio.mp3; path = piggy.mp3; sourceTree = "<group>"; };
		94F19DF718ECFE6A0094F736 /* squeal.caf */ = {isa = PBXFileReference; lastKnownFileType = file; path = squeal.caf; sourceTree = "<group>"; };
		94F19DF818ECFE6A0094F736 /* swoosh.caf */ = {isa = PBXFileReference; lastKnownFileType = file; path = swoosh.caf; sourceTree = "<group>"; };
		94F19DFD18ED00280094F736 /* Gate.h */ = {isa = PBXFileReference; fileEncoding = 4; lastKnownFileType = sourcecode.c.h; path = Gate.h; sourceTree = "<group>"; };
		94F19DFE18ED00280094F736 /* Gate.m */ = {isa = PBXFileReference; fileEncoding = 4; lastKnownFileType = sourcecode.c.objc; path = Gate.m; sourceTree = "<group>"; };
		94F19DFF18ED00280094F736 /* Goal.h */ = {isa = PBXFileReference; fileEncoding = 4; lastKnownFileType = sourcecode.c.h; path = Goal.h; sourceTree = "<group>"; };
		94F19E0018ED00280094F736 /* Goal.m */ = {isa = PBXFileReference; fileEncoding = 4; lastKnownFileType = sourcecode.c.objc; path = Goal.m; sourceTree = "<group>"; };
		94F19E0118ED00280094F736 /* Pipe.h */ = {isa = PBXFileReference; fileEncoding = 4; lastKnownFileType = sourcecode.c.h; path = Pipe.h; sourceTree = "<group>"; };
		94F19E0218ED00280094F736 /* Pipe.m */ = {isa = PBXFileReference; fileEncoding = 4; lastKnownFileType = sourcecode.c.objc; path = Pipe.m; sourceTree = "<group>"; };
		94F19E0618ED023E0094F736 /* Background.h */ = {isa = PBXFileReference; fileEncoding = 4; lastKnownFileType = sourcecode.c.h; path = Background.h; sourceTree = "<group>"; };
		94F19E0718ED023E0094F736 /* Background.m */ = {isa = PBXFileReference; fileEncoding = 4; lastKnownFileType = sourcecode.c.objc; path = Background.m; sourceTree = "<group>"; };
		94F19E0A18ED03C40094F736 /* Piggy.h */ = {isa = PBXFileReference; fileEncoding = 4; lastKnownFileType = sourcecode.c.h; path = Piggy.h; sourceTree = "<group>"; };
		94F19E0B18ED03C40094F736 /* Piggy.m */ = {isa = PBXFileReference; fileEncoding = 4; lastKnownFileType = sourcecode.c.objc; path = Piggy.m; sourceTree = "<group>"; };
		94F19E0D18ED05100094F736 /* Categories.h */ = {isa = PBXFileReference; fileEncoding = 4; lastKnownFileType = sourcecode.c.h; path = Categories.h; sourceTree = "<group>"; };
/* End PBXFileReference section */

/* Begin PBXFrameworksBuildPhase section */
		94D0D88718ECFB5800229CC1 /* Frameworks */ = {
			isa = PBXFrameworksBuildPhase;
			buildActionMask = 2147483647;
			files = (
				94D0D89018ECFB5800229CC1 /* CoreGraphics.framework in Frameworks */,
				94D0D89218ECFB5800229CC1 /* UIKit.framework in Frameworks */,
				94D0D89418ECFB5800229CC1 /* SpriteKit.framework in Frameworks */,
				94D0D88E18ECFB5800229CC1 /* Foundation.framework in Frameworks */,
			);
			runOnlyForDeploymentPostprocessing = 0;
		};
		94D0D8B218ECFB5900229CC1 /* Frameworks */ = {
			isa = PBXFrameworksBuildPhase;
			buildActionMask = 2147483647;
			files = (
				94D0D8B718ECFB5900229CC1 /* XCTest.framework in Frameworks */,
				94D0D8B918ECFB5900229CC1 /* UIKit.framework in Frameworks */,
				94D0D8B818ECFB5900229CC1 /* Foundation.framework in Frameworks */,
			);
			runOnlyForDeploymentPostprocessing = 0;
		};
/* End PBXFrameworksBuildPhase section */

/* Begin PBXGroup section */
		94D0D88118ECFB5800229CC1 = {
			isa = PBXGroup;
			children = (
				94D0D89518ECFB5800229CC1 /* FlappyPig */,
				94D0D8BC18ECFB5900229CC1 /* FlappyPigTests */,
				94D0D88C18ECFB5800229CC1 /* Frameworks */,
				94D0D88B18ECFB5800229CC1 /* Products */,
			);
			sourceTree = "<group>";
		};
		94D0D88B18ECFB5800229CC1 /* Products */ = {
			isa = PBXGroup;
			children = (
				94D0D88A18ECFB5800229CC1 /* FlappyPig.app */,
				94D0D8B518ECFB5900229CC1 /* FlappyPigTests.xctest */,
			);
			name = Products;
			sourceTree = "<group>";
		};
		94D0D88C18ECFB5800229CC1 /* Frameworks */ = {
			isa = PBXGroup;
			children = (
				94D0D88D18ECFB5800229CC1 /* Foundation.framework */,
				94D0D88F18ECFB5800229CC1 /* CoreGraphics.framework */,
				94D0D89118ECFB5800229CC1 /* UIKit.framework */,
				94D0D89318ECFB5800229CC1 /* SpriteKit.framework */,
				94D0D8B618ECFB5900229CC1 /* XCTest.framework */,
			);
			name = Frameworks;
			sourceTree = "<group>";
		};
		94D0D89518ECFB5800229CC1 /* FlappyPig */ = {
			isa = PBXGroup;
			children = (
				940124DA18ED1ABB00F8AEA5 /* StatusLabel.h */,
				940124DB18ED1ABB00F8AEA5 /* StatusLabel.m */,
				94F19E0D18ED05100094F736 /* Categories.h */,
				94F19E0A18ED03C40094F736 /* Piggy.h */,
				94F19E0B18ED03C40094F736 /* Piggy.m */,
				94F19E0618ED023E0094F736 /* Background.h */,
				94F19E0718ED023E0094F736 /* Background.m */,
				94F19DFD18ED00280094F736 /* Gate.h */,
				94F19DFE18ED00280094F736 /* Gate.m */,
				94F19DFF18ED00280094F736 /* Goal.h */,
				94F19E0018ED00280094F736 /* Goal.m */,
				94F19E0118ED00280094F736 /* Pipe.h */,
				94F19E0218ED00280094F736 /* Pipe.m */,
				94F19DF518ECFE6A0094F736 /* oink.caf */,
				94F19DF618ECFE6A0094F736 /* piggy.mp3 */,
				94F19DF718ECFE6A0094F736 /* squeal.caf */,
				94F19DF818ECFE6A0094F736 /* swoosh.caf */,
				94F19DF318ECFE440094F736 /* sprites.atlas */,
				94D0D89E18ECFB5800229CC1 /* AppDelegate.h */,
				94D0D89F18ECFB5800229CC1 /* AppDelegate.m */,
				94D0D8A118ECFB5800229CC1 /* Main_iPhone.storyboard */,
				94D0D8A418ECFB5800229CC1 /* Main_iPad.storyboard */,
				94D0D8A718ECFB5800229CC1 /* ViewController.h */,
				94D0D8A818ECFB5900229CC1 /* ViewController.m */,
				94D0D8AA18ECFB5900229CC1 /* MyScene.h */,
				94D0D8AB18ECFB5900229CC1 /* MyScene.m */,
				94D0D8AF18ECFB5900229CC1 /* Images.xcassets */,
				94D0D89618ECFB5800229CC1 /* Supporting Files */,
				948FA3B118EFA5AA00F78E48 /* PipeFlame.sks */,
				948FA3B218EFA5AA00F78E48 /* spark.png */,
			);
			path = FlappyPig;
			sourceTree = "<group>";
		};
		94D0D89618ECFB5800229CC1 /* Supporting Files */ = {
			isa = PBXGroup;
			children = (
				94D0D89718ECFB5800229CC1 /* FlappyPig-Info.plist */,
				94D0D89818ECFB5800229CC1 /* InfoPlist.strings */,
				94D0D89B18ECFB5800229CC1 /* main.m */,
				94D0D89D18ECFB5800229CC1 /* FlappyPig-Prefix.pch */,
			);
			name = "Supporting Files";
			sourceTree = "<group>";
		};
		94D0D8BC18ECFB5900229CC1 /* FlappyPigTests */ = {
			isa = PBXGroup;
			children = (
				94D0D8C218ECFB5900229CC1 /* FlappyPigTests.m */,
				94D0D8BD18ECFB5900229CC1 /* Supporting Files */,
			);
			path = FlappyPigTests;
			sourceTree = "<group>";
		};
		94D0D8BD18ECFB5900229CC1 /* Supporting Files */ = {
			isa = PBXGroup;
			children = (
				94D0D8BE18ECFB5900229CC1 /* FlappyPigTests-Info.plist */,
				94D0D8BF18ECFB5900229CC1 /* InfoPlist.strings */,
			);
			name = "Supporting Files";
			sourceTree = "<group>";
		};
/* End PBXGroup section */

/* Begin PBXNativeTarget section */
		94D0D88918ECFB5800229CC1 /* FlappyPig */ = {
			isa = PBXNativeTarget;
			buildConfigurationList = 94D0D8C618ECFB5900229CC1 /* Build configuration list for PBXNativeTarget "FlappyPig" */;
			buildPhases = (
				94D0D88618ECFB5800229CC1 /* Sources */,
				94D0D88718ECFB5800229CC1 /* Frameworks */,
				94D0D88818ECFB5800229CC1 /* Resources */,
			);
			buildRules = (
			);
			dependencies = (
			);
			name = FlappyPig;
			productName = FlappyPig;
			productReference = 94D0D88A18ECFB5800229CC1 /* FlappyPig.app */;
			productType = "com.apple.product-type.application";
		};
		94D0D8B418ECFB5900229CC1 /* FlappyPigTests */ = {
			isa = PBXNativeTarget;
			buildConfigurationList = 94D0D8C918ECFB5900229CC1 /* Build configuration list for PBXNativeTarget "FlappyPigTests" */;
			buildPhases = (
				94D0D8B118ECFB5900229CC1 /* Sources */,
				94D0D8B218ECFB5900229CC1 /* Frameworks */,
				94D0D8B318ECFB5900229CC1 /* Resources */,
			);
			buildRules = (
			);
			dependencies = (
				94D0D8BB18ECFB5900229CC1 /* PBXTargetDependency */,
			);
			name = FlappyPigTests;
			productName = FlappyPigTests;
			productReference = 94D0D8B518ECFB5900229CC1 /* FlappyPigTests.xctest */;
			productType = "com.apple.product-type.bundle.unit-test";
		};
/* End PBXNativeTarget section */

/* Begin PBXProject section */
		94D0D88218ECFB5800229CC1 /* Project object */ = {
			isa = PBXProject;
			attributes = {
				LastUpgradeCheck = 0510;
				ORGANIZATIONNAME = "Ryan Thompson";
				TargetAttributes = {
					94D0D8B418ECFB5900229CC1 = {
						TestTargetID = 94D0D88918ECFB5800229CC1;
					};
				};
			};
			buildConfigurationList = 94D0D88518ECFB5800229CC1 /* Build configuration list for PBXProject "FlappyPig" */;
			compatibilityVersion = "Xcode 3.2";
			developmentRegion = English;
			hasScannedForEncodings = 0;
			knownRegions = (
				en,
				Base,
			);
			mainGroup = 94D0D88118ECFB5800229CC1;
			productRefGroup = 94D0D88B18ECFB5800229CC1 /* Products */;
			projectDirPath = "";
			projectRoot = "";
			targets = (
				94D0D88918ECFB5800229CC1 /* FlappyPig */,
				94D0D8B418ECFB5900229CC1 /* FlappyPigTests */,
			);
		};
/* End PBXProject section */

/* Begin PBXResourcesBuildPhase section */
		94D0D88818ECFB5800229CC1 /* Resources */ = {
			isa = PBXResourcesBuildPhase;
			buildActionMask = 2147483647;
			files = (
				948FA3B418EFA5AA00F78E48 /* spark.png in Resources */,
				94F19DF418ECFE440094F736 /* sprites.atlas in Resources */,
				94D0D8B018ECFB5900229CC1 /* Images.xcassets in Resources */,
				94F19DFA18ECFE6A0094F736 /* piggy.mp3 in Resources */,
				94D0D8A618ECFB5800229CC1 /* Main_iPad.storyboard in Resources */,
				94F19DF918ECFE6A0094F736 /* oink.caf in Resources */,
				94F19DFB18ECFE6A0094F736 /* squeal.caf in Resources */,
				94D0D8A318ECFB5800229CC1 /* Main_iPhone.storyboard in Resources */,
				94F19DFC18ECFE6A0094F736 /* swoosh.caf in Resources */,
				94D0D89A18ECFB5800229CC1 /* InfoPlist.strings in Resources */,
				948FA3B318EFA5AA00F78E48 /* PipeFlame.sks in Resources */,
			);
			runOnlyForDeploymentPostprocessing = 0;
		};
		94D0D8B318ECFB5900229CC1 /* Resources */ = {
			isa = PBXResourcesBuildPhase;
			buildActionMask = 2147483647;
			files = (
				94D0D8C118ECFB5900229CC1 /* InfoPlist.strings in Resources */,
			);
			runOnlyForDeploymentPostprocessing = 0;
		};
/* End PBXResourcesBuildPhase section */

/* Begin PBXSourcesBuildPhase section */
		94D0D88618ECFB5800229CC1 /* Sources */ = {
			isa = PBXSourcesBuildPhase;
			buildActionMask = 2147483647;
			files = (
				940124DC18ED1ABB00F8AEA5 /* StatusLabel.m in Sources */,
				94F19E0C18ED03C40094F736 /* Piggy.m in Sources */,
				94F19E0418ED00280094F736 /* Goal.m in Sources */,
				94F19E0518ED00280094F736 /* Pipe.m in Sources */,
				94F19E0318ED00280094F736 /* Gate.m in Sources */,
				94D0D8AC18ECFB5900229CC1 /* MyScene.m in Sources */,
				94D0D8A918ECFB5900229CC1 /* ViewController.m in Sources */,
				94D0D8A018ECFB5800229CC1 /* AppDelegate.m in Sources */,
				94D0D89C18ECFB5800229CC1 /* main.m in Sources */,
				94F19E0818ED023E0094F736 /* Background.m in Sources */,
			);
			runOnlyForDeploymentPostprocessing = 0;
		};
		94D0D8B118ECFB5900229CC1 /* Sources */ = {
			isa = PBXSourcesBuildPhase;
			buildActionMask = 2147483647;
			files = (
				94D0D8C318ECFB5900229CC1 /* FlappyPigTests.m in Sources */,
			);
			runOnlyForDeploymentPostprocessing = 0;
		};
/* End PBXSourcesBuildPhase section */

/* Begin PBXTargetDependency section */
		94D0D8BB18ECFB5900229CC1 /* PBXTargetDependency */ = {
			isa = PBXTargetDependency;
			target = 94D0D88918ECFB5800229CC1 /* FlappyPig */;
			targetProxy = 94D0D8BA18ECFB5900229CC1 /* PBXContainerItemProxy */;
		};
/* End PBXTargetDependency section */

/* Begin PBXVariantGroup section */
		94D0D89818ECFB5800229CC1 /* InfoPlist.strings */ = {
			isa = PBXVariantGroup;
			children = (
				94D0D89918ECFB5800229CC1 /* en */,
			);
			name = InfoPlist.strings;
			sourceTree = "<group>";
		};
		94D0D8A118ECFB5800229CC1 /* Main_iPhone.storyboard */ = {
			isa = PBXVariantGroup;
			children = (
				94D0D8A218ECFB5800229CC1 /* Base */,
			);
			name = Main_iPhone.storyboard;
			sourceTree = "<group>";
		};
		94D0D8A418ECFB5800229CC1 /* Main_iPad.storyboard */ = {
			isa = PBXVariantGroup;
			children = (
				94D0D8A518ECFB5800229CC1 /* Base */,
			);
			name = Main_iPad.storyboard;
			sourceTree = "<group>";
		};
		94D0D8BF18ECFB5900229CC1 /* InfoPlist.strings */ = {
			isa = PBXVariantGroup;
			children = (
				94D0D8C018ECFB5900229CC1 /* en */,
			);
			name = InfoPlist.strings;
			sourceTree = "<group>";
		};
/* End PBXVariantGroup section */

/* Begin XCBuildConfiguration section */
		94D0D8C418ECFB5900229CC1 /* Debug */ = {
			isa = XCBuildConfiguration;
			buildSettings = {
				ALWAYS_SEARCH_USER_PATHS = NO;
				CLANG_CXX_LANGUAGE_STANDARD = "gnu++0x";
				CLANG_CXX_LIBRARY = "libc++";
				CLANG_ENABLE_MODULES = YES;
				CLANG_ENABLE_OBJC_ARC = YES;
				CLANG_WARN_BOOL_CONVERSION = YES;
				CLANG_WARN_CONSTANT_CONVERSION = YES;
				CLANG_WARN_DIRECT_OBJC_ISA_USAGE = YES_ERROR;
				CLANG_WARN_EMPTY_BODY = YES;
				CLANG_WARN_ENUM_CONVERSION = YES;
				CLANG_WARN_INT_CONVERSION = YES;
				CLANG_WARN_OBJC_ROOT_CLASS = YES_ERROR;
				CLANG_WARN__DUPLICATE_METHOD_MATCH = YES;
				"CODE_SIGN_IDENTITY[sdk=iphoneos*]" = "iPhone Developer";
				COPY_PHASE_STRIP = NO;
				GCC_C_LANGUAGE_STANDARD = gnu99;
				GCC_DYNAMIC_NO_PIC = NO;
				GCC_OPTIMIZATION_LEVEL = 0;
				GCC_PREPROCESSOR_DEFINITIONS = (
					"DEBUG=1",
					"$(inherited)",
				);
				GCC_SYMBOLS_PRIVATE_EXTERN = NO;
				GCC_WARN_64_TO_32_BIT_CONVERSION = YES;
				GCC_WARN_ABOUT_RETURN_TYPE = YES_ERROR;
				GCC_WARN_UNDECLARED_SELECTOR = YES;
				GCC_WARN_UNINITIALIZED_AUTOS = YES_AGGRESSIVE;
				GCC_WARN_UNUSED_FUNCTION = YES;
				GCC_WARN_UNUSED_VARIABLE = YES;
				IPHONEOS_DEPLOYMENT_TARGET = 7.1;
				ONLY_ACTIVE_ARCH = YES;
				SDKROOT = iphoneos;
				TARGETED_DEVICE_FAMILY = "1,2";
			};
			name = Debug;
		};
		94D0D8C518ECFB5900229CC1 /* Release */ = {
			isa = XCBuildConfiguration;
			buildSettings = {
				ALWAYS_SEARCH_USER_PATHS = NO;
				CLANG_CXX_LANGUAGE_STANDARD = "gnu++0x";
				CLANG_CXX_LIBRARY = "libc++";
				CLANG_ENABLE_MODULES = YES;
				CLANG_ENABLE_OBJC_ARC = YES;
				CLANG_WARN_BOOL_CONVERSION = YES;
				CLANG_WARN_CONSTANT_CONVERSION = YES;
				CLANG_WARN_DIRECT_OBJC_ISA_USAGE = YES_ERROR;
				CLANG_WARN_EMPTY_BODY = YES;
				CLANG_WARN_ENUM_CONVERSION = YES;
				CLANG_WARN_INT_CONVERSION = YES;
				CLANG_WARN_OBJC_ROOT_CLASS = YES_ERROR;
				CLANG_WARN__DUPLICATE_METHOD_MATCH = YES;
				"CODE_SIGN_IDENTITY[sdk=iphoneos*]" = "iPhone Developer";
				COPY_PHASE_STRIP = YES;
				ENABLE_NS_ASSERTIONS = NO;
				GCC_C_LANGUAGE_STANDARD = gnu99;
				GCC_WARN_64_TO_32_BIT_CONVERSION = YES;
				GCC_WARN_ABOUT_RETURN_TYPE = YES_ERROR;
				GCC_WARN_UNDECLARED_SELECTOR = YES;
				GCC_WARN_UNINITIALIZED_AUTOS = YES_AGGRESSIVE;
				GCC_WARN_UNUSED_FUNCTION = YES;
				GCC_WARN_UNUSED_VARIABLE = YES;
				IPHONEOS_DEPLOYMENT_TARGET = 7.1;
				SDKROOT = iphoneos;
				TARGETED_DEVICE_FAMILY = "1,2";
				VALIDATE_PRODUCT = YES;
			};
			name = Release;
		};
		94D0D8C718ECFB5900229CC1 /* Debug */ = {
			isa = XCBuildConfiguration;
			buildSettings = {
				ASSETCATALOG_COMPILER_APPICON_NAME = AppIcon;
				ASSETCATALOG_COMPILER_LAUNCHIMAGE_NAME = LaunchImage;
				GCC_PRECOMPILE_PREFIX_HEADER = YES;
				GCC_PREFIX_HEADER = "FlappyPig/FlappyPig-Prefix.pch";
				INFOPLIST_FILE = "FlappyPig/FlappyPig-Info.plist";
				PRODUCT_NAME = "$(TARGET_NAME)";
				SPRITEKIT_TEXTURE_ATLAS_OUTPUT = YES;
				WRAPPER_EXTENSION = app;
			};
			name = Debug;
		};
		94D0D8C818ECFB5900229CC1 /* Release */ = {
			isa = XCBuildConfiguration;
			buildSettings = {
				ASSETCATALOG_COMPILER_APPICON_NAME = AppIcon;
				ASSETCATALOG_COMPILER_LAUNCHIMAGE_NAME = LaunchImage;
				GCC_PRECOMPILE_PREFIX_HEADER = YES;
				GCC_PREFIX_HEADER = "FlappyPig/FlappyPig-Prefix.pch";
				INFOPLIST_FILE = "FlappyPig/FlappyPig-Info.plist";
				PRODUCT_NAME = "$(TARGET_NAME)";
				SPRITEKIT_TEXTURE_ATLAS_OUTPUT = YES;
				WRAPPER_EXTENSION = app;
			};
			name = Release;
		};
		94D0D8CA18ECFB5900229CC1 /* Debug */ = {
			isa = XCBuildConfiguration;
			buildSettings = {
				BUNDLE_LOADER = "$(BUILT_PRODUCTS_DIR)/FlappyPig.app/FlappyPig";
				FRAMEWORK_SEARCH_PATHS = (
					"$(SDKROOT)/Developer/Library/Frameworks",
					"$(inherited)",
					"$(DEVELOPER_FRAMEWORKS_DIR)",
				);
				GCC_PRECOMPILE_PREFIX_HEADER = YES;
				GCC_PREFIX_HEADER = "FlappyPig/FlappyPig-Prefix.pch";
				GCC_PREPROCESSOR_DEFINITIONS = (
					"DEBUG=1",
					"$(inherited)",
				);
				INFOPLIST_FILE = "FlappyPigTests/FlappyPigTests-Info.plist";
				PRODUCT_NAME = "$(TARGET_NAME)";
				TEST_HOST = "$(BUNDLE_LOADER)";
				WRAPPER_EXTENSION = xctest;
			};
			name = Debug;
		};
		94D0D8CB18ECFB5900229CC1 /* Release */ = {
			isa = XCBuildConfiguration;
			buildSettings = {
				BUNDLE_LOADER = "$(BUILT_PRODUCTS_DIR)/FlappyPig.app/FlappyPig";
				FRAMEWORK_SEARCH_PATHS = (
					"$(SDKROOT)/Developer/Library/Frameworks",
					"$(inherited)",
					"$(DEVELOPER_FRAMEWORKS_DIR)",
				);
				GCC_PRECOMPILE_PREFIX_HEADER = YES;
				GCC_PREFIX_HEADER = "FlappyPig/FlappyPig-Prefix.pch";
				INFOPLIST_FILE = "FlappyPigTests/FlappyPigTests-Info.plist";
				PRODUCT_NAME = "$(TARGET_NAME)";
				TEST_HOST = "$(BUNDLE_LOADER)";
				WRAPPER_EXTENSION = xctest;
			};
			name = Release;
		};
/* End XCBuildConfiguration section */

/* Begin XCConfigurationList section */
		94D0D88518ECFB5800229CC1 /* Build configuration list for PBXProject "FlappyPig" */ = {
			isa = XCConfigurationList;
			buildConfigurations = (
				94D0D8C418ECFB5900229CC1 /* Debug */,
				94D0D8C518ECFB5900229CC1 /* Release */,
			);
			defaultConfigurationIsVisible = 0;
			defaultConfigurationName = Release;
		};
		94D0D8C618ECFB5900229CC1 /* Build configuration list for PBXNativeTarget "FlappyPig" */ = {
			isa = XCConfigurationList;
			buildConfigurations = (
				94D0D8C718ECFB5900229CC1 /* Debug */,
				94D0D8C818ECFB5900229CC1 /* Release */,
			);
			defaultConfigurationIsVisible = 0;
			defaultConfigurationName = Release;
		};
		94D0D8C918ECFB5900229CC1 /* Build configuration list for PBXNativeTarget "FlappyPigTests" */ = {
			isa = XCConfigurationList;
			buildConfigurations = (
				94D0D8CA18ECFB5900229CC1 /* Debug */,
				94D0D8CB18ECFB5900229CC1 /* Release */,
			);
			defaultConfigurationIsVisible = 0;
			defaultConfigurationName = Release;
		};
/* End XCConfigurationList section */
	};
	rootObject = 94D0D88218ECFB5800229CC1 /* Project object */;
}
